
Microsoft Visual Studio Solution File, Format Version 12.00
# Visual Studio 2013
VisualStudioVersion = 12.0.21005.1
MinimumVisualStudioVersion = 10.0.40219.1
Project("{FAE04EC0-301F-11D3-BF4B-00C04F79EFBC}") = "OrmContrast.Client", "OrmContrast.Client\OrmContrast.Client.csproj", "{125E0E0B-2AFA-4B07-900C-E77277C4B6D6}"
EndProject
Project("{FAE04EC0-301F-11D3-BF4B-00C04F79EFBC}") = "OrmContrast.SimpleData", "OrmContrast.SimpleData\OrmContrast.SimpleData.csproj", "{77438111-105C-4545-B6D6-3ED40FFF6BAC}"
EndProject
Project("{FAE04EC0-301F-11D3-BF4B-00C04F79EFBC}") = "OrmContrast.Dapper", "OrmContrast.Dapper\OrmContrast.Dapper.csproj", "{76F7A5BA-1B7D-45B3-9639-D5709F27E002}"
EndProject
Project("{FAE04EC0-301F-11D3-BF4B-00C04F79EFBC}") = "OrmContrast.EF", "OrmContrast.EF\OrmContrast.EF.csproj", "{43409B78-C73C-454F-B450-34776873402D}"
EndProject
Project("{FAE04EC0-301F-11D3-BF4B-00C04F79EFBC}") = "OrmContrast.Entity", "OrmContrast.Entity\OrmContrast.Entity.csproj", "{E48139E6-E3B2-40F2-A415-5544F318CA82}"
EndProject
Project("{FAE04EC0-301F-11D3-BF4B-00C04F79EFBC}") = "OC.MVC", "OC.MVC\OC.MVC.csproj", "{B7748A79-E12A-476F-9FC7-EC37D4870423}"
EndProject
Project("{FAE04EC0-301F-11D3-BF4B-00C04F79EFBC}") = "OC.Nancy", "OC.Nancy\OC.Nancy.csproj", "{B68106AB-D602-4E22-8234-3B78E64B1FDA}"
EndProject
Global
	GlobalSection(SolutionConfigurationPlatforms) = preSolution
		Debug|Any CPU = Debug|Any CPU
		Release|Any CPU = Release|Any CPU
	EndGlobalSection
	GlobalSection(ProjectConfigurationPlatforms) = postSolution
		{125E0E0B-2AFA-4B07-900C-E77277C4B6D6}.Debug|Any CPU.ActiveCfg = Debug|Any CPU
		{125E0E0B-2AFA-4B07-900C-E77277C4B6D6}.Debug|Any CPU.Build.0 = Debug|Any CPU
		{125E0E0B-2AFA-4B07-900C-E77277C4B6D6}.Release|Any CPU.ActiveCfg = Release|Any CPU
		{125E0E0B-2AFA-4B07-900C-E77277C4B6D6}.Release|Any CPU.Build.0 = Release|Any CPU
		{77438111-105C-4545-B6D6-3ED40FFF6BAC}.Debug|Any CPU.ActiveCfg = Debug|Any CPU
		{77438111-105C-4545-B6D6-3ED40FFF6BAC}.Debug|Any CPU.Build.0 = Debug|Any CPU
		{77438111-105C-4545-B6D6-3ED40FFF6BAC}.Release|Any CPU.ActiveCfg = Release|Any CPU
		{77438111-105C-4545-B6D6-3ED40FFF6BAC}.Release|Any CPU.Build.0 = Release|Any CPU
		{76F7A5BA-1B7D-45B3-9639-D5709F27E002}.Debug|Any CPU.ActiveCfg = Debug|Any CPU
		{76F7A5BA-1B7D-45B3-9639-D5709F27E002}.Debug|Any CPU.Build.0 = Debug|Any CPU
		{76F7A5BA-1B7D-45B3-9639-D5709F27E002}.Release|Any CPU.ActiveCfg = Release|Any CPU
		{76F7A5BA-1B7D-45B3-9639-D5709F27E002}.Release|Any CPU.Build.0 = Release|Any CPU
		{43409B78-C73C-454F-B450-34776873402D}.Debug|Any CPU.ActiveCfg = Debug|Any CPU
		{43409B78-C73C-454F-B450-34776873402D}.Debug|Any CPU.Build.0 = Debug|Any CPU
		{43409B78-C73C-454F-B450-34776873402D}.Release|Any CPU.ActiveCfg = Release|Any CPU
		{43409B78-C73C-454F-B450-34776873402D}.Release|Any CPU.Build.0 = Release|Any CPU
		{E48139E6-E3B2-40F2-A415-5544F318CA82}.Debug|Any CPU.ActiveCfg = Debug|Any CPU
		{E48139E6-E3B2-40F2-A415-5544F318CA82}.Debug|Any CPU.Build.0 = Debug|Any CPU
		{E48139E6-E3B2-40F2-A415-5544F318CA82}.Release|Any CPU.ActiveCfg = Release|Any CPU
		{E48139E6-E3B2-40F2-A415-5544F318CA82}.Release|Any CPU.Build.0 = Release|Any CPU
		{B7748A79-E12A-476F-9FC7-EC37D4870423}.Debug|Any CPU.ActiveCfg = Debug|Any CPU
		{B7748A79-E12A-476F-9FC7-EC37D4870423}.Debug|Any CPU.Build.0 = Debug|Any CPU
		{B7748A79-E12A-476F-9FC7-EC37D4870423}.Release|Any CPU.ActiveCfg = Release|Any CPU
		{B7748A79-E12A-476F-9FC7-EC37D4870423}.Release|Any CPU.Build.0 = Release|Any CPU
		{B68106AB-D602-4E22-8234-3B78E64B1FDA}.Debug|Any CPU.ActiveCfg = Debug|Any CPU
		{B68106AB-D602-4E22-8234-3B78E64B1FDA}.Debug|Any CPU.Build.0 = Debug|Any CPU
		{B68106AB-D602-4E22-8234-3B78E64B1FDA}.Release|Any CPU.ActiveCfg = Release|Any CPU
		{B68106AB-D602-4E22-8234-3B78E64B1FDA}.Release|Any CPU.Build.0 = Release|Any CPU
	EndGlobalSection
	GlobalSection(SolutionProperties) = preSolution
		HideSolutionNode = FALSE
	EndGlobalSection
EndGlobal
